// !$*UTF8*$!
{
	archiveVersion = 1;
	classes = {
	};
	objectVersion = 77;
	objects = {

/* Begin PBXContainerItemProxy section */
		21C3A5352D8D5427004ABDBF /* PBXContainerItemProxy */ = {
			isa = PBXContainerItemProxy;
			containerPortal = 21C3A51C2D8D5425004ABDBF /* Project object */;
			proxyType = 1;
			remoteGlobalIDString = 21C3A5232D8D5425004ABDBF;
			remoteInfo = "ProjectTest-OpenWeather";
		};
		21C3A53F2D8D5427004ABDBF /* PBXContainerItemProxy */ = {
			isa = PBXContainerItemProxy;
			containerPortal = 21C3A51C2D8D5425004ABDBF /* Project object */;
			proxyType = 1;
			remoteGlobalIDString = 21C3A5232D8D5425004ABDBF;
			remoteInfo = "ProjectTest-OpenWeather";
		};
		21CA29AA2F175A000051B2D1 /* PBXContainerItemProxy */ = {
			isa = PBXContainerItemProxy;
			containerPortal = 21C3A51C2D8D5425004ABDBF /* Project object */;
			proxyType = 1;
			remoteGlobalIDString = 21C3A5232D8D5425004ABDBF;
			remoteInfo = "ProjectTest-OpenWeather";
		};
/* End PBXContainerItemProxy section */

/* Begin PBXFileReference section */
		21C3A5242D8D5425004ABDBF /* ProjectTest-OpenWeather.app */ = {isa = PBXFileReference; explicitFileType = wrapper.application; includeInIndex = 0; path = "ProjectTest-OpenWeather.app"; sourceTree = BUILT_PRODUCTS_DIR; };
		21C3A5342D8D5427004ABDBF /* ProjectTest-OpenWeatherTests.xctest */ = {isa = PBXFileReference; explicitFileType = wrapper.cfbundle; includeInIndex = 0; path = "ProjectTest-OpenWeatherTests.xctest"; sourceTree = BUILT_PRODUCTS_DIR; };
		21C3A53E2D8D5427004ABDBF /* ProjectTest-OpenWeatherUITests.xctest */ = {isa = PBXFileReference; explicitFileType = wrapper.cfbundle; includeInIndex = 0; path = "ProjectTest-OpenWeatherUITests.xctest"; sourceTree = BUILT_PRODUCTS_DIR; };
		21CA29A62F175A000051B2D1 /* ProjectTest_OpenWeatherSwiftTestingTests.xctest */ = {isa = PBXFileReference; explicitFileType = wrapper.cfbundle; includeInIndex = 0; path = ProjectTest_OpenWeatherSwiftTestingTests.xctest; sourceTree = BUILT_PRODUCTS_DIR; };
/* End PBXFileReference section */

/* Begin PBXFileSystemSynchronizedRootGroup section */
		21C3A5262D8D5425004ABDBF /* ProjectTest-OpenWeather */ = {
			isa = PBXFileSystemSynchronizedRootGroup;
			path = "ProjectTest-OpenWeather";
			sourceTree = "<group>";
		};
		21C3A5372D8D5427004ABDBF /* ProjectTest-OpenWeatherTests */ = {
			isa = PBXFileSystemSynchronizedRootGroup;
			path = "ProjectTest-OpenWeatherTests";
			sourceTree = "<group>";
		};
		21C3A5412D8D5427004ABDBF /* ProjectTest-OpenWeatherUITests */ = {
			isa = PBXFileSystemSynchronizedRootGroup;
			path = "ProjectTest-OpenWeatherUITests";
			sourceTree = "<group>";
		};
		21CA29A72F175A000051B2D1 /* ProjectTest_OpenWeatherSwiftTestingTests */ = {
			isa = PBXFileSystemSynchronizedRootGroup;
			path = ProjectTest_OpenWeatherSwiftTestingTests;
			sourceTree = "<group>";
		};
/* End PBXFileSystemSynchronizedRootGroup section */

/* Begin PBXFrameworksBuildPhase section */
		21C3A5212D8D5425004ABDBF /* Frameworks */ = {
			isa = PBXFrameworksBuildPhase;
			buildActionMask = 2147483647;
			files = (
			);
			runOnlyForDeploymentPostprocessing = 0;
		};
		21C3A5312D8D5427004ABDBF /* Frameworks */ = {
			isa = PBXFrameworksBuildPhase;
			buildActionMask = 2147483647;
			files = (
			);
			runOnlyForDeploymentPostprocessing = 0;
		};
		21C3A53B2D8D5427004ABDBF /* Frameworks */ = {
			isa = PBXFrameworksBuildPhase;
			buildActionMask = 2147483647;
			files = (
			);
			runOnlyForDeploymentPostprocessing = 0;
		};
		21CA29A32F175A000051B2D1 /* Frameworks */ = {
			isa = PBXFrameworksBuildPhase;
			buildActionMask = 2147483647;
			files = (
			);
			runOnlyForDeploymentPostprocessing = 0;
		};
/* End PBXFrameworksBuildPhase section */

/* Begin PBXGroup section */
		21C3A51B2D8D5425004ABDBF = {
			isa = PBXGroup;
			children = (
				21C3A5262D8D5425004ABDBF /* ProjectTest-OpenWeather */,
				21C3A5372D8D5427004ABDBF /* ProjectTest-OpenWeatherTests */,
				21C3A5412D8D5427004ABDBF /* ProjectTest-OpenWeatherUITests */,
				21CA29A72F175A000051B2D1 /* ProjectTest_OpenWeatherSwiftTestingTests */,
				21C3A5252D8D5425004ABDBF /* Products */,
			);
			sourceTree = "<group>";
		};
		21C3A5252D8D5425004ABDBF /* Products */ = {
			isa = PBXGroup;
			children = (
				21C3A5242D8D5425004ABDBF /* ProjectTest-OpenWeather.app */,
				21C3A5342D8D5427004ABDBF /* ProjectTest-OpenWeatherTests.xctest */,
				21C3A53E2D8D5427004ABDBF /* ProjectTest-OpenWeatherUITests.xctest */,
				21CA29A62F175A000051B2D1 /* ProjectTest_OpenWeatherSwiftTestingTests.xctest */,
			);
			name = Products;
			sourceTree = "<group>";
		};
/* End PBXGroup section */

/* Begin PBXNativeTarget section */
		21C3A5232D8D5425004ABDBF /* ProjectTest-OpenWeather */ = {
			isa = PBXNativeTarget;
			buildConfigurationList = 21C3A5482D8D5427004ABDBF /* Build configuration list for PBXNativeTarget "ProjectTest-OpenWeather" */;
			buildPhases = (
				21C3A5202D8D5425004ABDBF /* Sources */,
				21C3A5212D8D5425004ABDBF /* Frameworks */,
				21C3A5222D8D5425004ABDBF /* Resources */,
			);
			buildRules = (
			);
			dependencies = (
			);
			fileSystemSynchronizedGroups = (
				21C3A5262D8D5425004ABDBF /* ProjectTest-OpenWeather */,
			);
			name = "ProjectTest-OpenWeather";
			packageProductDependencies = (
			);
			productName = "ProjectTest-OpenWeather";
			productReference = 21C3A5242D8D5425004ABDBF /* ProjectTest-OpenWeather.app */;
			productType = "com.apple.product-type.application";
		};
		21C3A5332D8D5427004ABDBF /* ProjectTest-OpenWeatherTests */ = {
			isa = PBXNativeTarget;
			buildConfigurationList = 21C3A54B2D8D5427004ABDBF /* Build configuration list for PBXNativeTarget "ProjectTest-OpenWeatherTests" */;
			buildPhases = (
				21C3A5302D8D5427004ABDBF /* Sources */,
				21C3A5312D8D5427004ABDBF /* Frameworks */,
				21C3A5322D8D5427004ABDBF /* Resources */,
			);
			buildRules = (
			);
			dependencies = (
				21C3A5362D8D5427004ABDBF /* PBXTargetDependency */,
			);
			fileSystemSynchronizedGroups = (
				21C3A5372D8D5427004ABDBF /* ProjectTest-OpenWeatherTests */,
			);
			name = "ProjectTest-OpenWeatherTests";
			packageProductDependencies = (
			);
			productName = "ProjectTest-OpenWeatherTests";
			productReference = 21C3A5342D8D5427004ABDBF /* ProjectTest-OpenWeatherTests.xctest */;
			productType = "com.apple.product-type.bundle.unit-test";
		};
		21C3A53D2D8D5427004ABDBF /* ProjectTest-OpenWeatherUITests */ = {
			isa = PBXNativeTarget;
			buildConfigurationList = 21C3A54E2D8D5427004ABDBF /* Build configuration list for PBXNativeTarget "ProjectTest-OpenWeatherUITests" */;
			buildPhases = (
				21C3A53A2D8D5427004ABDBF /* Sources */,
				21C3A53B2D8D5427004ABDBF /* Frameworks */,
				21C3A53C2D8D5427004ABDBF /* Resources */,
			);
			buildRules = (
			);
			dependencies = (
				21C3A5402D8D5427004ABDBF /* PBXTargetDependency */,
			);
			fileSystemSynchronizedGroups = (
				21C3A5412D8D5427004ABDBF /* ProjectTest-OpenWeatherUITests */,
			);
			name = "ProjectTest-OpenWeatherUITests";
			packageProductDependencies = (
			);
			productName = "ProjectTest-OpenWeatherUITests";
			productReference = 21C3A53E2D8D5427004ABDBF /* ProjectTest-OpenWeatherUITests.xctest */;
			productType = "com.apple.product-type.bundle.ui-testing";
		};
		21CA29A52F175A000051B2D1 /* ProjectTest_OpenWeatherSwiftTestingTests */ = {
			isa = PBXNativeTarget;
			buildConfigurationList = 21CA29AC2F175A000051B2D1 /* Build configuration list for PBXNativeTarget "ProjectTest_OpenWeatherSwiftTestingTests" */;
			buildPhases = (
				21CA29A22F175A000051B2D1 /* Sources */,
				21CA29A32F175A000051B2D1 /* Frameworks */,
				21CA29A42F175A000051B2D1 /* Resources */,
			);
			buildRules = (
			);
			dependencies = (
				21CA29AB2F175A000051B2D1 /* PBXTargetDependency */,
			);
			fileSystemSynchronizedGroups = (
				21CA29A72F175A000051B2D1 /* ProjectTest_OpenWeatherSwiftTestingTests */,
			);
			name = ProjectTest_OpenWeatherSwiftTestingTests;
			packageProductDependencies = (
			);
			productName = ProjectTest_OpenWeatherSwiftTestingTests;
			productReference = 21CA29A62F175A000051B2D1 /* ProjectTest_OpenWeatherSwiftTestingTests.xctest */;
			productType = "com.apple.product-type.bundle.unit-test";
		};
/* End PBXNativeTarget section */

/* Begin PBXProject section */
		21C3A51C2D8D5425004ABDBF /* Project object */ = {
			isa = PBXProject;
			attributes = {
				BuildIndependentTargetsInParallel = 1;
				LastSwiftUpdateCheck = 1620;
				LastUpgradeCheck = 1620;
				TargetAttributes = {
					21C3A5232D8D5425004ABDBF = {
						CreatedOnToolsVersion = 16.2;
					};
					21C3A5332D8D5427004ABDBF = {
						CreatedOnToolsVersion = 16.2;
						TestTargetID = 21C3A5232D8D5425004ABDBF;
					};
					21C3A53D2D8D5427004ABDBF = {
						CreatedOnToolsVersion = 16.2;
						TestTargetID = 21C3A5232D8D5425004ABDBF;
					};
					21CA29A52F175A000051B2D1 = {
						CreatedOnToolsVersion = 16.2;
						TestTargetID = 21C3A5232D8D5425004ABDBF;
					};
				};
			};
			buildConfigurationList = 21C3A51F2D8D5425004ABDBF /* Build configuration list for PBXProject "ProjectTest-OpenWeather" */;
			developmentRegion = en;
			hasScannedForEncodings = 0;
			knownRegions = (
				en,
				Base,
			);
			mainGroup = 21C3A51B2D8D5425004ABDBF;
			minimizedProjectReferenceProxies = 1;
			preferredProjectObjectVersion = 77;
			productRefGroup = 21C3A5252D8D5425004ABDBF /* Products */;
			projectDirPath = "";
			projectRoot = "";
			targets = (
				21C3A5232D8D5425004ABDBF /* ProjectTest-OpenWeather */,
				21C3A5332D8D5427004ABDBF /* ProjectTest-OpenWeatherTests */,
				21C3A53D2D8D5427004ABDBF /* ProjectTest-OpenWeatherUITests */,
				21CA29A52F175A000051B2D1 /* ProjectTest_OpenWeatherSwiftTestingTests */,
			);
		};
/* End PBXProject section */

/* Begin PBXResourcesBuildPhase section */
		21C3A5222D8D5425004ABDBF /* Resources */ = {
			isa = PBXResourcesBuildPhase;
			buildActionMask = 2147483647;
			files = (
			);
			runOnlyForDeploymentPostprocessing = 0;
		};
		21C3A5322D8D5427004ABDBF /* Resources */ = {
			isa = PBXResourcesBuildPhase;
			buildActionMask = 2147483647;
			files = (
			);
			runOnlyForDeploymentPostprocessing = 0;
		};
		21C3A53C2D8D5427004ABDBF /* Resources */ = {
			isa = PBXResourcesBuildPhase;
			buildActionMask = 2147483647;
			files = (
			);
			runOnlyForDeploymentPostprocessing = 0;
		};
		21CA29A42F175A000051B2D1 /* Resources */ = {
			isa = PBXResourcesBuildPhase;
			buildActionMask = 2147483647;
			files = (
			);
			runOnlyForDeploymentPostprocessing = 0;
		};
/* End PBXResourcesBuildPhase section */

/* Begin PBXSourcesBuildPhase section */
		21C3A5202D8D5425004ABDBF /* Sources */ = {
			isa = PBXSourcesBuildPhase;
			buildActionMask = 2147483647;
			files = (
			);
			runOnlyForDeploymentPostprocessing = 0;
		};
		21C3A5302D8D5427004ABDBF /* Sources */ = {
			isa = PBXSourcesBuildPhase;
			buildActionMask = 2147483647;
			files = (
			);
			runOnlyForDeploymentPostprocessing = 0;
		};
		21C3A53A2D8D5427004ABDBF /* Sources */ = {
			isa = PBXSourcesBuildPhase;
			buildActionMask = 2147483647;
			files = (
			);
			runOnlyForDeploymentPostprocessing = 0;
		};
		21CA29A22F175A000051B2D1 /* Sources */ = {
			isa = PBXSourcesBuildPhase;
			buildActionMask = 2147483647;
			files = (
			);
			runOnlyForDeploymentPostprocessing = 0;
		};
/* End PBXSourcesBuildPhase section */

/* Begin PBXTargetDependency section */
		21C3A5362D8D5427004ABDBF /* PBXTargetDependency */ = {
			isa = PBXTargetDependency;
			target = 21C3A5232D8D5425004ABDBF /* ProjectTest-OpenWeather */;
			targetProxy = 21C3A5352D8D5427004ABDBF /* PBXContainerItemProxy */;
		};
		21C3A5402D8D5427004ABDBF /* PBXTargetDependency */ = {
			isa = PBXTargetDependency;
			target = 21C3A5232D8D5425004ABDBF /* ProjectTest-OpenWeather */;
			targetProxy = 21C3A53F2D8D5427004ABDBF /* PBXContainerItemProxy */;
		};
		21CA29AB2F175A000051B2D1 /* PBXTargetDependency */ = {
			isa = PBXTargetDependency;
			target = 21C3A5232D8D5425004ABDBF /* ProjectTest-OpenWeather */;
			targetProxy = 21CA29AA2F175A000051B2D1 /* PBXContainerItemProxy */;
		};
/* End PBXTargetDependency section */

/* Begin XCBuildConfiguration section */
		21C3A5462D8D5427004ABDBF /* Debug */ = {
			isa = XCBuildConfiguration;
			buildSettings = {
				ALWAYS_SEARCH_USER_PATHS = NO;
				ASSETCATALOG_COMPILER_GENERATE_SWIFT_ASSET_SYMBOL_EXTENSIONS = YES;
				CLANG_ANALYZER_NONNULL = YES;
				CLANG_ANALYZER_NUMBER_OBJECT_CONVERSION = YES_AGGRESSIVE;
				CLANG_CXX_LANGUAGE_STANDARD = "gnu++20";
				CLANG_ENABLE_MODULES = YES;
				CLANG_ENABLE_OBJC_ARC = YES;
				CLANG_ENABLE_OBJC_WEAK = YES;
				CLANG_WARN_BLOCK_CAPTURE_AUTORELEASING = YES;
				CLANG_WARN_BOOL_CONVERSION = YES;
				CLANG_WARN_COMMA = YES;
				CLANG_WARN_CONSTANT_CONVERSION = YES;
				CLANG_WARN_DEPRECATED_OBJC_IMPLEMENTATIONS = YES;
				CLANG_WARN_DIRECT_OBJC_ISA_USAGE = YES_ERROR;
				CLANG_WARN_DOCUMENTATION_COMMENTS = YES;
				CLANG_WARN_EMPTY_BODY = YES;
				CLANG_WARN_ENUM_CONVERSION = YES;
				CLANG_WARN_INFINITE_RECURSION = YES;
				CLANG_WARN_INT_CONVERSION = YES;
				CLANG_WARN_NON_LITERAL_NULL_CONVERSION = YES;
				CLANG_WARN_OBJC_IMPLICIT_RETAIN_SELF = YES;
				CLANG_WARN_OBJC_LITERAL_CONVERSION = YES;
				CLANG_WARN_OBJC_ROOT_CLASS = YES_ERROR;
				CLANG_WARN_QUOTED_INCLUDE_IN_FRAMEWORK_HEADER = YES;
				CLANG_WARN_RANGE_LOOP_ANALYSIS = YES;
				CLANG_WARN_STRICT_PROTOTYPES = YES;
				CLANG_WARN_SUSPICIOUS_MOVE = YES;
				CLANG_WARN_UNGUARDED_AVAILABILITY = YES_AGGRESSIVE;
				CLANG_WARN_UNREACHABLE_CODE = YES;
				CLANG_WARN__DUPLICATE_METHOD_MATCH = YES;
				COPY_PHASE_STRIP = NO;
				DEBUG_INFORMATION_FORMAT = dwarf;
				ENABLE_STRICT_OBJC_MSGSEND = YES;
				ENABLE_TESTABILITY = YES;
				ENABLE_USER_SCRIPT_SANDBOXING = YES;
				GCC_C_LANGUAGE_STANDARD = gnu17;
				GCC_DYNAMIC_NO_PIC = NO;
				GCC_NO_COMMON_BLOCKS = YES;
				GCC_OPTIMIZATION_LEVEL = 0;
				GCC_PREPROCESSOR_DEFINITIONS = (
					"DEBUG=1",
					"$(inherited)",
				);
				GCC_WARN_64_TO_32_BIT_CONVERSION = YES;
				GCC_WARN_ABOUT_RETURN_TYPE = YES_ERROR;
				GCC_WARN_UNDECLARED_SELECTOR = YES;
				GCC_WARN_UNINITIALIZED_AUTOS = YES_AGGRESSIVE;
				GCC_WARN_UNUSED_FUNCTION = YES;
				GCC_WARN_UNUSED_VARIABLE = YES;
				IPHONEOS_DEPLOYMENT_TARGET = 18.0;
				LOCALIZATION_PREFERS_STRING_CATALOGS = YES;
				MTL_ENABLE_DEBUG_INFO = INCLUDE_SOURCE;
				MTL_FAST_MATH = YES;
				ONLY_ACTIVE_ARCH = YES;
				SDKROOT = iphoneos;
				SWIFT_ACTIVE_COMPILATION_CONDITIONS = "DEBUG $(inherited)";
				SWIFT_OPTIMIZATION_LEVEL = "-Onone";
			};
			name = Debug;
		};
		21C3A5472D8D5427004ABDBF /* Release */ = {
			isa = XCBuildConfiguration;
			buildSettings = {
				ALWAYS_SEARCH_USER_PATHS = NO;
				ASSETCATALOG_COMPILER_GENERATE_SWIFT_ASSET_SYMBOL_EXTENSIONS = YES;
				CLANG_ANALYZER_NONNULL = YES;
				CLANG_ANALYZER_NUMBER_OBJECT_CONVERSION = YES_AGGRESSIVE;
				CLANG_CXX_LANGUAGE_STANDARD = "gnu++20";
				CLANG_ENABLE_MODULES = YES;
				CLANG_ENABLE_OBJC_ARC = YES;
				CLANG_ENABLE_OBJC_WEAK = YES;
				CLANG_WARN_BLOCK_CAPTURE_AUTORELEASING = YES;
				CLANG_WARN_BOOL_CONVERSION = YES;
				CLANG_WARN_COMMA = YES;
				CLANG_WARN_CONSTANT_CONVERSION = YES;
				CLANG_WARN_DEPRECATED_OBJC_IMPLEMENTATIONS = YES;
				CLANG_WARN_DIRECT_OBJC_ISA_USAGE = YES_ERROR;
				CLANG_WARN_DOCUMENTATION_COMMENTS = YES;
				CLANG_WARN_EMPTY_BODY = YES;
				CLANG_WARN_ENUM_CONVERSION = YES;
				CLANG_WARN_INFINITE_RECURSION = YES;
				CLANG_WARN_INT_CONVERSION = YES;
				CLANG_WARN_NON_LITERAL_NULL_CONVERSION = YES;
				CLANG_WARN_OBJC_IMPLICIT_RETAIN_SELF = YES;
				CLANG_WARN_OBJC_LITERAL_CONVERSION = YES;
				CLANG_WARN_OBJC_ROOT_CLASS = YES_ERROR;
				CLANG_WARN_QUOTED_INCLUDE_IN_FRAMEWORK_HEADER = YES;
				CLANG_WARN_RANGE_LOOP_ANALYSIS = YES;
				CLANG_WARN_STRICT_PROTOTYPES = YES;
				CLANG_WARN_SUSPICIOUS_MOVE = YES;
				CLANG_WARN_UNGUARDED_AVAILABILITY = YES_AGGRESSIVE;
				CLANG_WARN_UNREACHABLE_CODE = YES;
				CLANG_WARN__DUPLICATE_METHOD_MATCH = YES;
				COPY_PHASE_STRIP = NO;
				DEBUG_INFORMATION_FORMAT = "dwarf-with-dsym";
				ENABLE_NS_ASSERTIONS = NO;
				ENABLE_STRICT_OBJC_MSGSEND = YES;
				ENABLE_USER_SCRIPT_SANDBOXING = YES;
				GCC_C_LANGUAGE_STANDARD = gnu17;
				GCC_NO_COMMON_BLOCKS = YES;
				GCC_WARN_64_TO_32_BIT_CONVERSION = YES;
				GCC_WARN_ABOUT_RETURN_TYPE = YES_ERROR;
				GCC_WARN_UNDECLARED_SELECTOR = YES;
				GCC_WARN_UNINITIALIZED_AUTOS = YES_AGGRESSIVE;
				GCC_WARN_UNUSED_FUNCTION = YES;
				GCC_WARN_UNUSED_VARIABLE = YES;
				IPHONEOS_DEPLOYMENT_TARGET = 18.0;
				LOCALIZATION_PREFERS_STRING_CATALOGS = YES;
				MTL_ENABLE_DEBUG_INFO = NO;
				MTL_FAST_MATH = YES;
				SDKROOT = iphoneos;
				SWIFT_COMPILATION_MODE = wholemodule;
				VALIDATE_PRODUCT = YES;
			};
			name = Release;
		};
		21C3A5492D8D5427004ABDBF /* Debug */ = {
			isa = XCBuildConfiguration;
			buildSettings = {
				ASSETCATALOG_COMPILER_APPICON_NAME = AppIcon;
				ASSETCATALOG_COMPILER_GLOBAL_ACCENT_COLOR_NAME = AccentColor;
				CODE_SIGN_STYLE = Automatic;
				CURRENT_PROJECT_VERSION = 1;
				DEVELOPMENT_ASSET_PATHS = "\"ProjectTest-OpenWeather/Preview Content\"";
				DEVELOPMENT_TEAM = P8429G5W5F;
				ENABLE_PREVIEWS = YES;
				GENERATE_INFOPLIST_FILE = YES;
				INFOPLIST_KEY_UIApplicationSceneManifest_Generation = YES;
				INFOPLIST_KEY_UIApplicationSupportsIndirectInputEvents = YES;
				INFOPLIST_KEY_UILaunchScreen_Generation = YES;
				INFOPLIST_KEY_UISupportedInterfaceOrientations_iPad = "UIInterfaceOrientationPortrait UIInterfaceOrientationPortraitUpsideDown UIInterfaceOrientationLandscapeLeft UIInterfaceOrientationLandscapeRight";
				INFOPLIST_KEY_UISupportedInterfaceOrientations_iPhone = "UIInterfaceOrientationPortrait UIInterfaceOrientationLandscapeLeft UIInterfaceOrientationLandscapeRight";
				IPHONEOS_DEPLOYMENT_TARGET = 18.0;
				LD_RUNPATH_SEARCH_PATHS = (
					"$(inherited)",
					"@executable_path/Frameworks",
				);
				MARKETING_VERSION = 1.0;
				PRODUCT_BUNDLE_IDENTIFIER = "-1.ProjectTest-OpenWeather";
				PRODUCT_NAME = "$(TARGET_NAME)";
				SWIFT_EMIT_LOC_STRINGS = YES;
				SWIFT_VERSION = 5.0;
				TARGETED_DEVICE_FAMILY = "1,2";
			};
			name = Debug;
		};
		21C3A54A2D8D5427004ABDBF /* Release */ = {
			isa = XCBuildConfiguration;
			buildSettings = {
				ASSETCATALOG_COMPILER_APPICON_NAME = AppIcon;
				ASSETCATALOG_COMPILER_GLOBAL_ACCENT_COLOR_NAME = AccentColor;
				CODE_SIGN_STYLE = Automatic;
				CURRENT_PROJECT_VERSION = 1;
				DEVELOPMENT_ASSET_PATHS = "\"ProjectTest-OpenWeather/Preview Content\"";
				DEVELOPMENT_TEAM = P8429G5W5F;
				ENABLE_PREVIEWS = YES;
				GENERATE_INFOPLIST_FILE = YES;
				INFOPLIST_KEY_UIApplicationSceneManifest_Generation = YES;
				INFOPLIST_KEY_UIApplicationSupportsIndirectInputEvents = YES;
				INFOPLIST_KEY_UILaunchScreen_Generation = YES;
				INFOPLIST_KEY_UISupportedInterfaceOrientations_iPad = "UIInterfaceOrientationPortrait UIInterfaceOrientationPortraitUpsideDown UIInterfaceOrientationLandscapeLeft UIInterfaceOrientationLandscapeRight";
				INFOPLIST_KEY_UISupportedInterfaceOrientations_iPhone = "UIInterfaceOrientationPortrait UIInterfaceOrientationLandscapeLeft UIInterfaceOrientationLandscapeRight";
				IPHONEOS_DEPLOYMENT_TARGET = 18.0;
				LD_RUNPATH_SEARCH_PATHS = (
					"$(inherited)",
					"@executable_path/Frameworks",
				);
				MARKETING_VERSION = 1.0;
				PRODUCT_BUNDLE_IDENTIFIER = "-1.ProjectTest-OpenWeather";
				PRODUCT_NAME = "$(TARGET_NAME)";
				SWIFT_EMIT_LOC_STRINGS = YES;
				SWIFT_VERSION = 5.0;
				TARGETED_DEVICE_FAMILY = "1,2";
			};
			name = Release;
		};
		21C3A54C2D8D5427004ABDBF /* Debug */ = {
			isa = XCBuildConfiguration;
			buildSettings = {
				BUNDLE_LOADER = "$(TEST_HOST)";
				CODE_SIGN_STYLE = Automatic;
				CURRENT_PROJECT_VERSION = 1;
				DEVELOPMENT_TEAM = P8429G5W5F;
				GENERATE_INFOPLIST_FILE = YES;
				IPHONEOS_DEPLOYMENT_TARGET = 18.0;
				MARKETING_VERSION = 1.0;
				PRODUCT_BUNDLE_IDENTIFIER = "-1.ProjectTest-OpenWeatherTests";
				PRODUCT_NAME = "$(TARGET_NAME)";
				SWIFT_EMIT_LOC_STRINGS = NO;
				SWIFT_VERSION = 5.0;
				TARGETED_DEVICE_FAMILY = "1,2";
				TEST_HOST = "$(BUILT_PRODUCTS_DIR)/ProjectTest-OpenWeather.app/$(BUNDLE_EXECUTABLE_FOLDER_PATH)/ProjectTest-OpenWeather";
			};
			name = Debug;
		};
		21C3A54D2D8D5427004ABDBF /* Release */ = {
			isa = XCBuildConfiguration;
			buildSettings = {
				BUNDLE_LOADER = "$(TEST_HOST)";
				CODE_SIGN_STYLE = Automatic;
				CURRENT_PROJECT_VERSION = 1;
				DEVELOPMENT_TEAM = P8429G5W5F;
				GENERATE_INFOPLIST_FILE = YES;
				IPHONEOS_DEPLOYMENT_TARGET = 18.0;
				MARKETING_VERSION = 1.0;
				PRODUCT_BUNDLE_IDENTIFIER = "-1.ProjectTest-OpenWeatherTests";
				PRODUCT_NAME = "$(TARGET_NAME)";
				SWIFT_EMIT_LOC_STRINGS = NO;
				SWIFT_VERSION = 5.0;
				TARGETED_DEVICE_FAMILY = "1,2";
				TEST_HOST = "$(BUILT_PRODUCTS_DIR)/ProjectTest-OpenWeather.app/$(BUNDLE_EXECUTABLE_FOLDER_PATH)/ProjectTest-OpenWeather";
			};
			name = Release;
		};
		21C3A54F2D8D5427004ABDBF /* Debug */ = {
			isa = XCBuildConfiguration;
			buildSettings = {
				CODE_SIGN_STYLE = Automatic;
				CURRENT_PROJECT_VERSION = 1;
				DEVELOPMENT_TEAM = P8429G5W5F;
				GENERATE_INFOPLIST_FILE = YES;
				IPHONEOS_DEPLOYMENT_TARGET = 18.0;
				MARKETING_VERSION = 1.0;
				PRODUCT_BUNDLE_IDENTIFIER = "-1.ProjectTest-OpenWeatherUITests";
				PRODUCT_NAME = "$(TARGET_NAME)";
				SWIFT_EMIT_LOC_STRINGS = NO;
				SWIFT_VERSION = 5.0;
				TARGETED_DEVICE_FAMILY = "1,2";
				TEST_TARGET_NAME = "ProjectTest-OpenWeather";
			};
			name = Debug;
		};
		21C3A5502D8D5427004ABDBF /* Release */ = {
			isa = XCBuildConfiguration;
			buildSettings = {
				CODE_SIGN_STYLE = Automatic;
				CURRENT_PROJECT_VERSION = 1;
				DEVELOPMENT_TEAM = P8429G5W5F;
				GENERATE_INFOPLIST_FILE = YES;
				IPHONEOS_DEPLOYMENT_TARGET = 18.0;
				MARKETING_VERSION = 1.0;
				PRODUCT_BUNDLE_IDENTIFIER = "-1.ProjectTest-OpenWeatherUITests";
				PRODUCT_NAME = "$(TARGET_NAME)";
				SWIFT_EMIT_LOC_STRINGS = NO;
				SWIFT_VERSION = 5.0;
				TARGETED_DEVICE_FAMILY = "1,2";
				TEST_TARGET_NAME = "ProjectTest-OpenWeather";
			};
			name = Release;
		};
		21CA29AD2F175A000051B2D1 /* Debug */ = {
			isa = XCBuildConfiguration;
			buildSettings = {
				BUNDLE_LOADER = "$(TEST_HOST)";
				CODE_SIGN_STYLE = Automatic;
				CURRENT_PROJECT_VERSION = 1;
				GENERATE_INFOPLIST_FILE = YES;
				IPHONEOS_DEPLOYMENT_TARGET = 18.2;
				MARKETING_VERSION = 1.0;
				PRODUCT_BUNDLE_IDENTIFIER = "-1.ProjectTest-OpenWeatherSwiftTestingTests";
				PRODUCT_NAME = "$(TARGET_NAME)";
				SWIFT_EMIT_LOC_STRINGS = NO;
				SWIFT_VERSION = 5.0;
				TARGETED_DEVICE_FAMILY = "1,2";
				TEST_HOST = "$(BUILT_PRODUCTS_DIR)/ProjectTest-OpenWeather.app/$(BUNDLE_EXECUTABLE_FOLDER_PATH)/ProjectTest-OpenWeather";
			};
			name = Debug;
		};
		21CA29AE2F175A000051B2D1 /* Release */ = {
			isa = XCBuildConfiguration;
			buildSettings = {
				BUNDLE_LOADER = "$(TEST_HOST)";
				CODE_SIGN_STYLE = Automatic;
				CURRENT_PROJECT_VERSION = 1;
				GENERATE_INFOPLIST_FILE = YES;
				IPHONEOS_DEPLOYMENT_TARGET = 18.2;
				MARKETING_VERSION = 1.0;
				PRODUCT_BUNDLE_IDENTIFIER = "-1.ProjectTest-OpenWeatherSwiftTestingTests";
				PRODUCT_NAME = "$(TARGET_NAME)";
				SWIFT_EMIT_LOC_STRINGS = NO;
				SWIFT_VERSION = 5.0;
				TARGETED_DEVICE_FAMILY = "1,2";
				TEST_HOST = "$(BUILT_PRODUCTS_DIR)/ProjectTest-OpenWeather.app/$(BUNDLE_EXECUTABLE_FOLDER_PATH)/ProjectTest-OpenWeather";
			};
			name = Release;
		};
/* End XCBuildConfiguration section */

/* Begin XCConfigurationList section */
		21C3A51F2D8D5425004ABDBF /* Build configuration list for PBXProject "ProjectTest-OpenWeather" */ = {
			isa = XCConfigurationList;
			buildConfigurations = (
				21C3A5462D8D5427004ABDBF /* Debug */,
				21C3A5472D8D5427004ABDBF /* Release */,
			);
			defaultConfigurationIsVisible = 0;
			defaultConfigurationName = Release;
		};
		21C3A5482D8D5427004ABDBF /* Build configuration list for PBXNativeTarget "ProjectTest-OpenWeather" */ = {
			isa = XCConfigurationList;
			buildConfigurations = (
				21C3A5492D8D5427004ABDBF /* Debug */,
				21C3A54A2D8D5427004ABDBF /* Release */,
			);
			defaultConfigurationIsVisible = 0;
			defaultConfigurationName = Release;
		};
		21C3A54B2D8D5427004ABDBF /* Build configuration list for PBXNativeTarget "ProjectTest-OpenWeatherTests" */ = {
			isa = XCConfigurationList;
			buildConfigurations = (
				21C3A54C2D8D5427004ABDBF /* Debug */,
				21C3A54D2D8D5427004ABDBF /* Release */,
			);
			defaultConfigurationIsVisible = 0;
			defaultConfigurationName = Release;
		};
		21C3A54E2D8D5427004ABDBF /* Build configuration list for PBXNativeTarget "ProjectTest-OpenWeatherUITests" */ = {
			isa = XCConfigurationList;
			buildConfigurations = (
				21C3A54F2D8D5427004ABDBF /* Debug */,
				21C3A5502D8D5427004ABDBF /* Release */,
			);
			defaultConfigurationIsVisible = 0;
			defaultConfigurationName = Release;
		};
		21CA29AC2F175A000051B2D1 /* Build configuration list for PBXNativeTarget "ProjectTest_OpenWeatherSwiftTestingTests" */ = {
			isa = XCConfigurationList;
			buildConfigurations = (
				21CA29AD2F175A000051B2D1 /* Debug */,
				21CA29AE2F175A000051B2D1 /* Release */,
			);
			defaultConfigurationIsVisible = 0;
			defaultConfigurationName = Release;
		};
/* End XCConfigurationList section */
	};
	rootObject = 21C3A51C2D8D5425004ABDBF /* Project object */;
}
